%{"bbmustache": {:hex, :bbmustache, "1.0.4", "7ba94f971c5afd7b6617918a4bb74705e36cab36eb84b19b6a1b7ee06427aa38", [:rebar], []},
  "c_monotonic_time": {:git, "https://github.com/magnetised/c_monotonic_time.git", "88afba0ef780bb7fc8f200121d3c1908375e62cd", []},
  "certifi": {:hex, :certifi, "0.7.0", "861a57f3808f7eb0c2d1802afeaae0fa5de813b0df0979153cbafcd853ababaf", [:rebar3], []},
  "cf": {:hex, :cf, "0.2.2", "7f2913fff90abcabd0f489896cfeb0b0674f6c8df6c10b17a83175448029896c", [:rebar3], []},
  "cowboy": {:hex, :cowboy, "1.1.2", "61ac29ea970389a88eca5a65601460162d370a70018afe6f949a29dca91f3bb0", [:rebar3], [{:cowlib, "~> 1.0.2", [hex: :cowlib, optional: false]}, {:ranch, "~> 1.3.2", [hex: :ranch, optional: false]}]},
  "cowlib": {:hex, :cowlib, "1.0.2", "9d769a1d062c9c3ac753096f868ca121e2730b9a377de23dec0f7e08b1df84ee", [:make], []},
  "dns": {:hex, :dns, "0.0.4", "2e347a0a03e8345bc70c6d69ed08788103a3bec81b93e4636b1b432110835436", [:mix], [{:socket, "~> 0.3.5", [hex: :socket, optional: false]}]},
  "dnssd": {:git, "https://github.com/benoitc/dnssd_erlang.git", "9b2fdb7ff9618102d82f04e4c68ce191c9aa15ba", []},
  "elixir_make": {:hex, :elixir_make, "0.4.0", "992f38fabe705bb45821a728f20914c554b276838433349d4f2341f7a687cddf", [:mix], []},
  "erlware_commons": {:hex, :erlware_commons, "0.22.0", "051bed79a34e66678c1cbeebc7b66360c827d081a0c5e2528878011e31ddcdca", [:rebar3], [{:cf, "0.2.2", [hex: :cf, optional: false]}]},
  "ex_aws": {:hex, :ex_aws, "1.1.0", "66e5d3f93a7875935fd68bcd09c7dc7a4bf73f1df5b0f146baea66739429af7a", [:mix], [{:configparser_ex, "~> 0.2.1", [hex: :configparser_ex, optional: true]}, {:hackney, "~> 1.6.5", [hex: :hackney, optional: true]}, {:jsx, "~> 2.8", [hex: :jsx, optional: true]}, {:poison, ">= 1.2.0", [hex: :poison, optional: true]}, {:sweet_xml, "~> 0.6", [hex: :sweet_xml, optional: true]}, {:xml_builder, "~> 0.0.6", [hex: :xml_builder, optional: true]}]},
  "exjsx": {:hex, :exjsx, "3.2.1", "1bc5bf1e4fd249104178f0885030bcd75a4526f4d2a1e976f4b428d347614f0f", [:mix], [{:jsx, "~> 2.8.0", [hex: :jsx, optional: false]}]},
  "exrm": {:hex, :exrm, "1.0.8", "5aa8990cdfe300282828b02cefdc339e235f7916388ce99f9a1f926a9271a45d", [:mix], [{:relx, "~> 3.5", [hex: :relx, optional: false]}]},
  "getopt": {:hex, :getopt, "0.8.2", "b17556db683000ba50370b16c0619df1337e7af7ecbf7d64fbf8d1d6bce3109b", [:rebar], []},
  "hackney": {:hex, :hackney, "1.6.5", "8c025ee397ac94a184b0743c73b33b96465e85f90a02e210e86df6cbafaa5065", [:rebar3], [{:certifi, "0.7.0", [hex: :certifi, optional: false]}, {:idna, "1.2.0", [hex: :idna, optional: false]}, {:metrics, "1.0.1", [hex: :metrics, optional: false]}, {:mimerl, "1.0.2", [hex: :mimerl, optional: false]}, {:ssl_verify_fun, "1.1.1", [hex: :ssl_verify_fun, optional: false]}]},
  "idna": {:hex, :idna, "1.2.0", "ac62ee99da068f43c50dc69acf700e03a62a348360126260e87f2b54eced86b2", [:rebar3], []},
  "jsx": {:hex, :jsx, "2.8.2", "7acc7d785b5abe8a6e9adbde926a24e481f29956dd8b4df49e3e4e7bcc92a018", [:mix, :rebar3], []},
  "logger_multicast_backend": {:git, "https://github.com/magnetised/logger_multicast_backend.git", "829a94cafd81d13a70fcca7b8f0d8006a7996e8b", [branch: "master"]},
  "logger_papertrail_backend": {:hex, :logger_papertrail_backend, "0.1.1", "d5e8a56037dff43126db32b72c23087207b06dc6cfab50d4f476d5ec3536ab5d", [:mix], []},
  "mdns": {:git, "https://github.com/magnetised/mdns.git", "614eefcb8e2ae6c7f26d7d397744aecc98d7fe8d", [branch: "master"]},
  "metrics": {:hex, :metrics, "1.0.1", "25f094dea2cda98213cecc3aeff09e940299d950904393b2a29d191c346a8486", [:rebar3], []},
  "mimerl": {:hex, :mimerl, "1.0.2", "993f9b0e084083405ed8252b99460c4f0563e41729ab42d9074fd5e52439be88", [:rebar3], []},
  "monotonic": {:git, "https://github.com/magnetised/monotonic.ex.git", "66121d98bea181a3f712a9a133d270a0f94d0ad1", []},
  "nerves": {:hex, :nerves, "0.3.4", "7de99513f2775633e2db00acbf7437c55bd132f19b7406814f50818702b381b5", [:mix], [{:exrm, "~> 1.0.6", [hex: :exrm, optional: false]}]},
  "nerves_firmware": {:git, "https://github.com/nerves-project/nerves_firmware.git", "b783df3867c82dc0abe6770079077a6f922c00a9", []},
  "nerves_firmware_http": {:git, "https://github.com/magnetised/nerves_firmware_http.git", "79d471c111dc12b3a63e422bc9e57d7a31bdbbc6", []},
  "nerves_interim_wifi": {:hex, :nerves_interim_wifi, "0.1.1", "88c65ced1440e96b954189ccfc8a55cb4575cb64a8725907c3e8a9900adb2a70", [:make, :mix], [{:elixir_make, "~> 0.3", [hex: :elixir_make, optional: false]}, {:nerves_network_interface, "~> 0.3.1", [hex: :nerves_network_interface, optional: false]}, {:nerves_wpa_supplicant, "~> 0.2.2", [hex: :nerves_wpa_supplicant, optional: false]}]},
  "nerves_lib": {:git, "https://github.com/nerves-project/nerves_lib.git", "149aab038a60d3c5c83873fb46cc36717c53074d", []},
  "nerves_network_interface": {:hex, :nerves_network_interface, "0.3.3", "0a49e00f9f0bdb482e94d8e9885cf0a250ae04cc18d248d83bc184b8813ddda2", [:make, :mix], [{:elixir_make, "~> 0.3", [hex: :elixir_make, optional: false]}]},
  "nerves_networking": {:git, "https://github.com/nerves-project/nerves_networking.git", "e4398e6be3b02f912f96dec6e13f0ec36d6d1a31", []},
  "nerves_ssdp_client": {:hex, :nerves_ssdp_client, "0.1.3", "b09dc7433b2536399885a5f0fcd1fb58283115b075f9485f86fa713547d404dc", [:mix], []},
  "nerves_system": {:hex, :nerves_system, "0.1.8", "6fe81c316671f13206dba1e8731e8c752bd3ffbfa6de4d8754989bd57a85b84e", [:mix], []},
  "nerves_system_br": {:hex, :nerves_system_br, "0.6.1", "c3f0d07bf0919a5065cf4d34c42656595a7a30109624ea3ddda315882d6ce54a", [:mix], []},
  "nerves_system_rpi3": {:hex, :nerves_system_rpi3, "0.6.1", "3ec57d7d5a5fea880ff4ea0ccdf3a3fefc548689def5e016ebd42f59537fd779", [:mix], [{:nerves_system, "~> 0.1.4", [hex: :nerves_system, optional: false]}, {:nerves_system_br, "~> 0.6.1", [hex: :nerves_system_br, optional: false]}, {:nerves_toolchain_arm_unknown_linux_gnueabihf, "~> 0.6.0", [hex: :nerves_toolchain_arm_unknown_linux_gnueabihf, optional: false]}]},
  "nerves_toolchain": {:hex, :nerves_toolchain, "0.6.5", "effc784c71f0e77b99c3c61609b671f2aa4b7573e828a3512d8e5370abf4297f", [:mix], []},
  "nerves_toolchain_arm_unknown_linux_gnueabihf": {:hex, :nerves_toolchain_arm_unknown_linux_gnueabihf, "0.6.1", "d2094bdaff79b13a259290363174e4a90079848a951a7b8cbfee2bd2c653fce5", [:mix], [{:nerves_toolchain, "~> 0.6.2", [hex: :nerves_toolchain, optional: false]}]},
  "nerves_wpa_supplicant": {:hex, :nerves_wpa_supplicant, "0.2.3", "2666b21bf0868f0d3b127930c3bacf59b178a0d015d308ae3985dcb7c1595870", [:make, :mix], [{:elixir_make, "~> 0.3", [hex: :elixir_make, optional: false]}]},
  "persistent_storage": {:git, "https://github.com/cellulose/persistent_storage.git", "e2a7895685378ae78d8fa26fd9d7bd3af30e256e", []},
  "poison": {:hex, :poison, "1.5.2", "560bdfb7449e3ddd23a096929fb9fc2122f709bcc758b2d5d5a5c7d0ea848910", [:mix], []},
  "providers": {:hex, :providers, "1.6.0", "db0e2f9043ae60c0155205fcd238d68516331d0e5146155e33d1e79dc452964a", [:rebar3], [{:getopt, "0.8.2", [hex: :getopt, optional: false]}]},
  "ranch": {:hex, :ranch, "1.3.2", "e4965a144dc9fbe70e5c077c65e73c57165416a901bd02ea899cfd95aa890986", [:rebar3], []},
  "relx": {:hex, :relx, "3.22.2", "aee2ef6e9ac6d21d6661133b7a0be6e81424de9cdca0012fc008bc677297c469", [:rebar3], [{:bbmustache, "1.0.4", [hex: :bbmustache, optional: false]}, {:cf, "0.2.2", [hex: :cf, optional: false]}, {:erlware_commons, "0.22.0", [hex: :erlware_commons, optional: false]}, {:getopt, "0.8.2", [hex: :getopt, optional: false]}, {:providers, "1.6.0", [hex: :providers, optional: false]}]},
  "socket": {:hex, :socket, "0.3.7", "68c029a8449fc6efc5f4c3bdf6d8b19ca94d3304e419f364c5cfc8b716f7c219", [:mix], []},
  "ssl_verify_fun": {:hex, :ssl_verify_fun, "1.1.1", "28a4d65b7f59893bc2c7de786dec1e1555bd742d336043fe644ae956c3497fbe", [:make, :rebar], []},
  "sweet_xml": {:hex, :sweet_xml, "0.6.5", "dd9cde443212b505d1b5f9758feb2000e66a14d3c449f04c572f3048c66e6697", [:mix], []},
  "uuid": {:hex, :uuid, "1.1.6", "4927232f244e69c6e255643014c2d639dad5b8313dc2a6976ee1c3724e6ca60d", [:mix], []}}
